
Microsoft Visual Studio Solution File, Format Version 12.00
# Visual Studio 15
VisualStudioVersion = 15.0.28307.271
MinimumVisualStudioVersion = 10.0.40219.1
Project("{2150E333-8FDC-42A3-9474-1A3956D46DE8}") = "Domain", "Domain", "{7FDE3151-4C8A-404B-8C46-3A5B9F3766C1}"
EndProject
Project("{2150E333-8FDC-42A3-9474-1A3956D46DE8}") = "Infrastructure", "Infrastructure", "{A30BEB92-BFDE-4BDB-AF6C-B4FF3099425E}"
EndProject
Project("{2150E333-8FDC-42A3-9474-1A3956D46DE8}") = "Presentation", "Presentation", "{21D2AF03-B9A2-423D-B32D-1CFB02B266BD}"
EndProject
Project("{FAE04EC0-301F-11D3-BF4B-00C04F79EFBC}") = "SaglikUrunleri.PL.MVC", "SaglikUrunleri.PL.MVC\SaglikUrunleri.PL.MVC.csproj", "{FDAB3DEB-0E6B-49A2-813F-D4AD834589D3}"
EndProject
Project("{FAE04EC0-301F-11D3-BF4B-00C04F79EFBC}") = "SaglikUrunleri.DAL", "SaglikUrunleri.DAL\SaglikUrunleri.DAL.csproj", "{8284B8FF-E307-422E-82BD-17F4C09794DD}"
EndProject
Project("{FAE04EC0-301F-11D3-BF4B-00C04F79EFBC}") = "SaglikUrunleri.BLL", "SaglikUrunleri.BLL\SaglikUrunleri.BLL.csproj", "{B0B1DDED-9FAB-42D6-96B0-70B03D546C48}"
EndProject
Project("{FAE04EC0-301F-11D3-BF4B-00C04F79EFBC}") = "SaglikUrunleri.Entity", "SaglikUrunleri.Entity\SaglikUrunleri.Entity.csproj", "{46430B1A-5B02-4A25-92EF-094D9C2379C5}"
EndProject
Global
	GlobalSection(SolutionConfigurationPlatforms) = preSolution
		Debug|Any CPU = Debug|Any CPU
		Release|Any CPU = Release|Any CPU
	EndGlobalSection
	GlobalSection(ProjectConfigurationPlatforms) = postSolution
		{FDAB3DEB-0E6B-49A2-813F-D4AD834589D3}.Debug|Any CPU.ActiveCfg = Debug|Any CPU
		{FDAB3DEB-0E6B-49A2-813F-D4AD834589D3}.Debug|Any CPU.Build.0 = Debug|Any CPU
		{FDAB3DEB-0E6B-49A2-813F-D4AD834589D3}.Release|Any CPU.ActiveCfg = Release|Any CPU
		{FDAB3DEB-0E6B-49A2-813F-D4AD834589D3}.Release|Any CPU.Build.0 = Release|Any CPU
		{8284B8FF-E307-422E-82BD-17F4C09794DD}.Debug|Any CPU.ActiveCfg = Debug|Any CPU
		{8284B8FF-E307-422E-82BD-17F4C09794DD}.Debug|Any CPU.Build.0 = Debug|Any CPU
		{8284B8FF-E307-422E-82BD-17F4C09794DD}.Release|Any CPU.ActiveCfg = Release|Any CPU
		{8284B8FF-E307-422E-82BD-17F4C09794DD}.Release|Any CPU.Build.0 = Release|Any CPU
		{B0B1DDED-9FAB-42D6-96B0-70B03D546C48}.Debug|Any CPU.ActiveCfg = Debug|Any CPU
		{B0B1DDED-9FAB-42D6-96B0-70B03D546C48}.Debug|Any CPU.Build.0 = Debug|Any CPU
		{B0B1DDED-9FAB-42D6-96B0-70B03D546C48}.Release|Any CPU.ActiveCfg = Release|Any CPU
		{B0B1DDED-9FAB-42D6-96B0-70B03D546C48}.Release|Any CPU.Build.0 = Release|Any CPU
		{46430B1A-5B02-4A25-92EF-094D9C2379C5}.Debug|Any CPU.ActiveCfg = Debug|Any CPU
		{46430B1A-5B02-4A25-92EF-094D9C2379C5}.Debug|Any CPU.Build.0 = Debug|Any CPU
		{46430B1A-5B02-4A25-92EF-094D9C2379C5}.Release|Any CPU.ActiveCfg = Release|Any CPU
		{46430B1A-5B02-4A25-92EF-094D9C2379C5}.Release|Any CPU.Build.0 = Release|Any CPU
	EndGlobalSection
	GlobalSection(SolutionProperties) = preSolution
		HideSolutionNode = FALSE
	EndGlobalSection
	GlobalSection(NestedProjects) = preSolution
		{FDAB3DEB-0E6B-49A2-813F-D4AD834589D3} = {21D2AF03-B9A2-423D-B32D-1CFB02B266BD}
		{8284B8FF-E307-422E-82BD-17F4C09794DD} = {A30BEB92-BFDE-4BDB-AF6C-B4FF3099425E}
		{B0B1DDED-9FAB-42D6-96B0-70B03D546C48} = {A30BEB92-BFDE-4BDB-AF6C-B4FF3099425E}
		{46430B1A-5B02-4A25-92EF-094D9C2379C5} = {7FDE3151-4C8A-404B-8C46-3A5B9F3766C1}
	EndGlobalSection
	GlobalSection(ExtensibilityGlobals) = postSolution
		SolutionGuid = {0661E607-0DFC-4BA7-A0A5-4903D1535288}
	EndGlobalSection
EndGlobal
